
Microsoft Visual Studio Solution File, Format Version 12.00
# Visual Studio 15
VisualStudioVersion = 15.0.28307.757
MinimumVisualStudioVersion = 10.0.40219.1
Project("{8BC9CEB8-8B4A-11D0-8D11-00A0C91BC942}") = "getDepth", "getDepth\getDepth.vcxproj", "{D6EDF468-F66C-4E05-A99A-892629CD6CDF}"
EndProject
Global
	GlobalSection(SolutionConfigurationPlatforms) = preSolution
		Debug|x64 = Debug|x64
		Debug|x86 = Debug|x86
		Release|x64 = Release|x64
		Release|x86 = Release|x86
	EndGlobalSection
	GlobalSection(ProjectConfigurationPlatforms) = postSolution
		{D6EDF468-F66C-4E05-A99A-892629CD6CDF}.Debug|x64.ActiveCfg = Debug|x64
		{D6EDF468-F66C-4E05-A99A-892629CD6CDF}.Debug|x64.Build.0 = Debug|x64
		{D6EDF468-F66C-4E05-A99A-892629CD6CDF}.Debug|x86.ActiveCfg = Debug|Win32
		{D6EDF468-F66C-4E05-A99A-892629CD6CDF}.Debug|x86.Build.0 = Debug|Win32
		{D6EDF468-F66C-4E05-A99A-892629CD6CDF}.Release|x64.ActiveCfg = Release|x64
		{D6EDF468-F66C-4E05-A99A-892629CD6CDF}.Release|x64.Build.0 = Release|x64
		{D6EDF468-F66C-4E05-A99A-892629CD6CDF}.Release|x86.ActiveCfg = Release|Win32
		{D6EDF468-F66C-4E05-A99A-892629CD6CDF}.Release|x86.Build.0 = Release|Win32
	EndGlobalSection
	GlobalSection(SolutionProperties) = preSolution
		HideSolutionNode = FALSE
	EndGlobalSection
	GlobalSection(ExtensibilityGlobals) = postSolution
		SolutionGuid = {72C2C1CA-A011-4F85-808E-7CAA856D2F70}
	EndGlobalSection
EndGlobal
